
Microsoft Visual Studio Solution File, Format Version 12.00
# Visual Studio Version 17
VisualStudioVersion = 17.10.34928.147
MinimumVisualStudioVersion = 10.0.40219.1
Project("{FAE04EC0-301F-11D3-BF4B-00C04F79EFBC}") = "UCAjouterMission", "UCAjouterMission\UCAjouterMission.csproj", "{4FD2BEF0-6A92-4842-BAA4-A78CD7D3BCEC}"
EndProject
Global
	GlobalSection(SolutionConfigurationPlatforms) = preSolution
		Debug|Any CPU = Debug|Any CPU
		Release|Any CPU = Release|Any CPU
	EndGlobalSection
	GlobalSection(ProjectConfigurationPlatforms) = postSolution
		{4FD2BEF0-6A92-4842-BAA4-A78CD7D3BCEC}.Debug|Any CPU.ActiveCfg = Debug|Any CPU
		{4FD2BEF0-6A92-4842-BAA4-A78CD7D3BCEC}.Debug|Any CPU.Build.0 = Debug|Any CPU
		{4FD2BEF0-6A92-4842-BAA4-A78CD7D3BCEC}.Release|Any CPU.ActiveCfg = Release|Any CPU
		{4FD2BEF0-6A92-4842-BAA4-A78CD7D3BCEC}.Release|Any CPU.Build.0 = Release|Any CPU
	EndGlobalSection
	GlobalSection(SolutionProperties) = preSolution
		HideSolutionNode = FALSE
	EndGlobalSection
	GlobalSection(ExtensibilityGlobals) = postSolution
		SolutionGuid = {C8C53EEB-E808-4746-B077-D31C94ED370B}
	EndGlobalSection
EndGlobal
