
Microsoft Visual Studio Solution File, Format Version 12.00
# Visual Studio Version 17
VisualStudioVersion = 17.12.35707.178
MinimumVisualStudioVersion = 10.0.40219.1
Project("{FAE04EC0-301F-11D3-BF4B-00C04F79EFBC}") = "SAE_A21D21_pompiers1", "SAE_A21D21_pompiers1.csproj", "{94184226-D28F-4420-94CF-5D92D20B4405}"
EndProject
Project("{FAE04EC0-301F-11D3-BF4B-00C04F79EFBC}") = "UC_mission", "UC_mission\UC_mission.csproj", "{1ACD5AD3-47DA-49BA-AF3C-97614F6FB953}"
EndProject
Project("{FAE04EC0-301F-11D3-BF4B-00C04F79EFBC}") = "UC_EtatEngin", "UC_EtatEngin\UC_EtatEngin.csproj", "{2CA04A4F-7E82-4E3D-935E-1AC6E7DC944C}"
EndProject
Project("{FAE04EC0-301F-11D3-BF4B-00C04F79EFBC}") = "UC_GestionPersonnel", "UC_GestionPersonnel\UC_GestionPersonnel.csproj", "{F4683231-D9F8-4DA9-AE03-6935DE9AB0E1}"
EndProject
Project("{FAE04EC0-301F-11D3-BF4B-00C04F79EFBC}") = "UC_login", "UC_login\UC_login.csproj", "{02821F88-AC0E-4C0A-90AB-C1044E420752}"
EndProject
Global
	GlobalSection(SolutionConfigurationPlatforms) = preSolution
		Debug|Any CPU = Debug|Any CPU
		Release|Any CPU = Release|Any CPU
	EndGlobalSection
	GlobalSection(ProjectConfigurationPlatforms) = postSolution
		{94184226-D28F-4420-94CF-5D92D20B4405}.Debug|Any CPU.ActiveCfg = Debug|Any CPU
		{94184226-D28F-4420-94CF-5D92D20B4405}.Debug|Any CPU.Build.0 = Debug|Any CPU
		{94184226-D28F-4420-94CF-5D92D20B4405}.Release|Any CPU.ActiveCfg = Release|Any CPU
		{94184226-D28F-4420-94CF-5D92D20B4405}.Release|Any CPU.Build.0 = Release|Any CPU
		{1ACD5AD3-47DA-49BA-AF3C-97614F6FB953}.Debug|Any CPU.ActiveCfg = Debug|Any CPU
		{1ACD5AD3-47DA-49BA-AF3C-97614F6FB953}.Debug|Any CPU.Build.0 = Debug|Any CPU
		{1ACD5AD3-47DA-49BA-AF3C-97614F6FB953}.Release|Any CPU.ActiveCfg = Release|Any CPU
		{1ACD5AD3-47DA-49BA-AF3C-97614F6FB953}.Release|Any CPU.Build.0 = Release|Any CPU
		{2CA04A4F-7E82-4E3D-935E-1AC6E7DC944C}.Debug|Any CPU.ActiveCfg = Debug|Any CPU
		{2CA04A4F-7E82-4E3D-935E-1AC6E7DC944C}.Debug|Any CPU.Build.0 = Debug|Any CPU
		{2CA04A4F-7E82-4E3D-935E-1AC6E7DC944C}.Release|Any CPU.ActiveCfg = Release|Any CPU
		{2CA04A4F-7E82-4E3D-935E-1AC6E7DC944C}.Release|Any CPU.Build.0 = Release|Any CPU
		{F4683231-D9F8-4DA9-AE03-6935DE9AB0E1}.Debug|Any CPU.ActiveCfg = Debug|Any CPU
		{F4683231-D9F8-4DA9-AE03-6935DE9AB0E1}.Debug|Any CPU.Build.0 = Debug|Any CPU
		{F4683231-D9F8-4DA9-AE03-6935DE9AB0E1}.Release|Any CPU.ActiveCfg = Release|Any CPU
		{F4683231-D9F8-4DA9-AE03-6935DE9AB0E1}.Release|Any CPU.Build.0 = Release|Any CPU
		{02821F88-AC0E-4C0A-90AB-C1044E420752}.Debug|Any CPU.ActiveCfg = Debug|Any CPU
		{02821F88-AC0E-4C0A-90AB-C1044E420752}.Debug|Any CPU.Build.0 = Debug|Any CPU
		{02821F88-AC0E-4C0A-90AB-C1044E420752}.Release|Any CPU.ActiveCfg = Release|Any CPU
		{02821F88-AC0E-4C0A-90AB-C1044E420752}.Release|Any CPU.Build.0 = Release|Any CPU
	EndGlobalSection
	GlobalSection(SolutionProperties) = preSolution
		HideSolutionNode = FALSE
	EndGlobalSection
EndGlobal
